// !$*UTF8*$!
{
	archiveVersion = 1;
	classes = {
	};
	objectVersion = 46;
	objects = {

/* Begin PBXBuildFile section */
		58193F121D8F08C600DB06AE /* DetailViewController.swift in Sources */ = {isa = PBXBuildFile; fileRef = 58193F111D8F08C600DB06AE /* DetailViewController.swift */; };
		581E36CD1D8CF87700057F24 /* csv.swift in Sources */ = {isa = PBXBuildFile; fileRef = 581E36CC1D8CF87700057F24 /* csv.swift */; };
		58251A621D8DBF09001F032B /* pokemon.ttf in Resources */ = {isa = PBXBuildFile; fileRef = 58251A611D8DBF09001F032B /* pokemon.ttf */; };
		58251A641D8DC5A7001F032B /* music.mp3 in Resources */ = {isa = PBXBuildFile; fileRef = 58251A631D8DC5A7001F032B /* music.mp3 */; };
		587006901D861F43000C60AB /* AppDelegate.swift in Sources */ = {isa = PBXBuildFile; fileRef = 5870068F1D861F43000C60AB /* AppDelegate.swift */; };
		587006921D861F43000C60AB /* ViewController.swift in Sources */ = {isa = PBXBuildFile; fileRef = 587006911D861F43000C60AB /* ViewController.swift */; };
		587006951D861F43000C60AB /* Main.storyboard in Resources */ = {isa = PBXBuildFile; fileRef = 587006931D861F43000C60AB /* Main.storyboard */; };
		587006981D861F43000C60AB /* pokedex.xcdatamodeld in Sources */ = {isa = PBXBuildFile; fileRef = 587006961D861F43000C60AB /* pokedex.xcdatamodeld */; };
		5870069A1D861F43000C60AB /* Assets.xcassets in Resources */ = {isa = PBXBuildFile; fileRef = 587006991D861F43000C60AB /* Assets.xcassets */; };
		5870069D1D861F43000C60AB /* LaunchScreen.storyboard in Resources */ = {isa = PBXBuildFile; fileRef = 5870069B1D861F43000C60AB /* LaunchScreen.storyboard */; };
		58A10F171D862A8E00F1AF44 /* pokemon.csv in Resources */ = {isa = PBXBuildFile; fileRef = 58A10F161D862A8E00F1AF44 /* pokemon.csv */; };
		58A10F1C1D862D1000F1AF44 /* pokemon.swift in Sources */ = {isa = PBXBuildFile; fileRef = 58A10F1B1D862D1000F1AF44 /* pokemon.swift */; };
		58A10F1E1D86375600F1AF44 /* PokeCell.swift in Sources */ = {isa = PBXBuildFile; fileRef = 58A10F1D1D86375600F1AF44 /* PokeCell.swift */; };
/* End PBXBuildFile section */

/* Begin PBXFileReference section */
		58193F111D8F08C600DB06AE /* DetailViewController.swift */ = {isa = PBXFileReference; fileEncoding = 4; lastKnownFileType = sourcecode.swift; path = DetailViewController.swift; sourceTree = "<group>"; };
		581E36CC1D8CF87700057F24 /* csv.swift */ = {isa = PBXFileReference; fileEncoding = 4; lastKnownFileType = sourcecode.swift; path = csv.swift; sourceTree = "<group>"; };
		58251A611D8DBF09001F032B /* pokemon.ttf */ = {isa = PBXFileReference; lastKnownFileType = file; path = pokemon.ttf; sourceTree = "<group>"; };
		58251A631D8DC5A7001F032B /* music.mp3 */ = {isa = PBXFileReference; lastKnownFileType = audio.mp3; path = music.mp3; sourceTree = "<group>"; };
		5870068C1D861F43000C60AB /* pokedex.app */ = {isa = PBXFileReference; explicitFileType = wrapper.application; includeInIndex = 0; path = pokedex.app; sourceTree = BUILT_PRODUCTS_DIR; };
		5870068F1D861F43000C60AB /* AppDelegate.swift */ = {isa = PBXFileReference; lastKnownFileType = sourcecode.swift; path = AppDelegate.swift; sourceTree = "<group>"; };
		587006911D861F43000C60AB /* ViewController.swift */ = {isa = PBXFileReference; lastKnownFileType = sourcecode.swift; path = ViewController.swift; sourceTree = "<group>"; };
		587006941D861F43000C60AB /* Base */ = {isa = PBXFileReference; lastKnownFileType = file.storyboard; name = Base; path = Base.lproj/Main.storyboard; sourceTree = "<group>"; };
		587006971D861F43000C60AB /* pokedex.xcdatamodel */ = {isa = PBXFileReference; lastKnownFileType = wrapper.xcdatamodel; path = pokedex.xcdatamodel; sourceTree = "<group>"; };
		587006991D861F43000C60AB /* Assets.xcassets */ = {isa = PBXFileReference; lastKnownFileType = folder.assetcatalog; path = Assets.xcassets; sourceTree = "<group>"; };
		5870069C1D861F43000C60AB /* Base */ = {isa = PBXFileReference; lastKnownFileType = file.storyboard; name = Base; path = Base.lproj/LaunchScreen.storyboard; sourceTree = "<group>"; };
		5870069E1D861F43000C60AB /* Info.plist */ = {isa = PBXFileReference; lastKnownFileType = text.plist.xml; path = Info.plist; sourceTree = "<group>"; };
		58A10F161D862A8E00F1AF44 /* pokemon.csv */ = {isa = PBXFileReference; fileEncoding = 4; lastKnownFileType = text; path = pokemon.csv; sourceTree = "<group>"; };
		58A10F1B1D862D1000F1AF44 /* pokemon.swift */ = {isa = PBXFileReference; fileEncoding = 4; lastKnownFileType = sourcecode.swift; path = pokemon.swift; sourceTree = "<group>"; };
		58A10F1D1D86375600F1AF44 /* PokeCell.swift */ = {isa = PBXFileReference; fileEncoding = 4; lastKnownFileType = sourcecode.swift; path = PokeCell.swift; sourceTree = "<group>"; };
/* End PBXFileReference section */

/* Begin PBXFrameworksBuildPhase section */
		587006891D861F43000C60AB /* Frameworks */ = {
			isa = PBXFrameworksBuildPhase;
			buildActionMask = 2147483647;
			files = (
			);
			runOnlyForDeploymentPostprocessing = 0;
		};
/* End PBXFrameworksBuildPhase section */

/* Begin PBXGroup section */
		581E36CE1D8CF87A00057F24 /* Util */ = {
			isa = PBXGroup;
			children = (
				581E36CC1D8CF87700057F24 /* csv.swift */,
			);
			name = Util;
			sourceTree = "<group>";
		};
		581E36CF1D8CF89D00057F24 /* Resources */ = {
			isa = PBXGroup;
			children = (
				58251A631D8DC5A7001F032B /* music.mp3 */,
				58251A611D8DBF09001F032B /* pokemon.ttf */,
				58A10F161D862A8E00F1AF44 /* pokemon.csv */,
			);
			name = Resources;
			sourceTree = "<group>";
		};
		587006831D861F43000C60AB = {
			isa = PBXGroup;
			children = (
				5870068E1D861F43000C60AB /* pokedex */,
				5870068D1D861F43000C60AB /* Products */,
			);
			sourceTree = "<group>";
		};
		5870068D1D861F43000C60AB /* Products */ = {
			isa = PBXGroup;
			children = (
				5870068C1D861F43000C60AB /* pokedex.app */,
			);
			name = Products;
			sourceTree = "<group>";
		};
		5870068E1D861F43000C60AB /* pokedex */ = {
			isa = PBXGroup;
			children = (
				58A10F181D862CD500F1AF44 /* Model */,
				58A10F191D862CDA00F1AF44 /* View */,
				58A10F1A1D862CE000F1AF44 /* Controller */,
				581E36CE1D8CF87A00057F24 /* Util */,
				581E36CF1D8CF89D00057F24 /* Resources */,
				5870068F1D861F43000C60AB /* AppDelegate.swift */,
				587006991D861F43000C60AB /* Assets.xcassets */,
				5870069E1D861F43000C60AB /* Info.plist */,
				587006961D861F43000C60AB /* pokedex.xcdatamodeld */,
			);
			path = pokedex;
			sourceTree = "<group>";
		};
		58A10F181D862CD500F1AF44 /* Model */ = {
			isa = PBXGroup;
			children = (
				58A10F1B1D862D1000F1AF44 /* pokemon.swift */,
			);
			name = Model;
			sourceTree = "<group>";
		};
		58A10F191D862CDA00F1AF44 /* View */ = {
			isa = PBXGroup;
			children = (
				58A10F1D1D86375600F1AF44 /* PokeCell.swift */,
				587006931D861F43000C60AB /* Main.storyboard */,
				5870069B1D861F43000C60AB /* LaunchScreen.storyboard */,
			);
			name = View;
			sourceTree = "<group>";
		};
		58A10F1A1D862CE000F1AF44 /* Controller */ = {
			isa = PBXGroup;
			children = (
				587006911D861F43000C60AB /* ViewController.swift */,
				58193F111D8F08C600DB06AE /* DetailViewController.swift */,
			);
			name = Controller;
			sourceTree = "<group>";
		};
/* End PBXGroup section */

/* Begin PBXNativeTarget section */
		5870068B1D861F43000C60AB /* pokedex */ = {
			isa = PBXNativeTarget;
			buildConfigurationList = 587006A11D861F43000C60AB /* Build configuration list for PBXNativeTarget "pokedex" */;
			buildPhases = (
				587006881D861F43000C60AB /* Sources */,
				587006891D861F43000C60AB /* Frameworks */,
				5870068A1D861F43000C60AB /* Resources */,
			);
			buildRules = (
			);
			dependencies = (
			);
			name = pokedex;
			productName = pokedex;
			productReference = 5870068C1D861F43000C60AB /* pokedex.app */;
			productType = "com.apple.product-type.application";
		};
/* End PBXNativeTarget section */

/* Begin PBXProject section */
		587006841D861F43000C60AB /* Project object */ = {
			isa = PBXProject;
			attributes = {
				LastSwiftUpdateCheck = 0730;
				LastUpgradeCheck = 0730;
				ORGANIZATIONNAME = RM;
				TargetAttributes = {
					5870068B1D861F43000C60AB = {
						CreatedOnToolsVersion = 7.3.1;
						DevelopmentTeam = XD7G54ZSZ3;
						LastSwiftMigration = 0800;
					};
				};
			};
			buildConfigurationList = 587006871D861F43000C60AB /* Build configuration list for PBXProject "pokedex" */;
			compatibilityVersion = "Xcode 3.2";
			developmentRegion = English;
			hasScannedForEncodings = 0;
			knownRegions = (
				en,
				Base,
			);
			mainGroup = 587006831D861F43000C60AB;
			productRefGroup = 5870068D1D861F43000C60AB /* Products */;
			projectDirPath = "";
			projectRoot = "";
			targets = (
				5870068B1D861F43000C60AB /* pokedex */,
			);
		};
/* End PBXProject section */

/* Begin PBXResourcesBuildPhase section */
		5870068A1D861F43000C60AB /* Resources */ = {
			isa = PBXResourcesBuildPhase;
			buildActionMask = 2147483647;
			files = (
				5870069D1D861F43000C60AB /* LaunchScreen.storyboard in Resources */,
				58251A621D8DBF09001F032B /* pokemon.ttf in Resources */,
				58251A641D8DC5A7001F032B /* music.mp3 in Resources */,
				5870069A1D861F43000C60AB /* Assets.xcassets in Resources */,
				58A10F171D862A8E00F1AF44 /* pokemon.csv in Resources */,
				587006951D861F43000C60AB /* Main.storyboard in Resources */,
			);
			runOnlyForDeploymentPostprocessing = 0;
		};
/* End PBXResourcesBuildPhase section */

/* Begin PBXSourcesBuildPhase section */
		587006881D861F43000C60AB /* Sources */ = {
			isa = PBXSourcesBuildPhase;
			buildActionMask = 2147483647;
			files = (
				581E36CD1D8CF87700057F24 /* csv.swift in Sources */,
				587006981D861F43000C60AB /* pokedex.xcdatamodeld in Sources */,
				58A10F1C1D862D1000F1AF44 /* pokemon.swift in Sources */,
				587006921D861F43000C60AB /* ViewController.swift in Sources */,
				587006901D861F43000C60AB /* AppDelegate.swift in Sources */,
				58A10F1E1D86375600F1AF44 /* PokeCell.swift in Sources */,
				58193F121D8F08C600DB06AE /* DetailViewController.swift in Sources */,
			);
			runOnlyForDeploymentPostprocessing = 0;
		};
/* End PBXSourcesBuildPhase section */

/* Begin PBXVariantGroup section */
		587006931D861F43000C60AB /* Main.storyboard */ = {
			isa = PBXVariantGroup;
			children = (
				587006941D861F43000C60AB /* Base */,
			);
			name = Main.storyboard;
			sourceTree = "<group>";
		};
		5870069B1D861F43000C60AB /* LaunchScreen.storyboard */ = {
			isa = PBXVariantGroup;
			children = (
				5870069C1D861F43000C60AB /* Base */,
			);
			name = LaunchScreen.storyboard;
			sourceTree = "<group>";
		};
/* End PBXVariantGroup section */

/* Begin XCBuildConfiguration section */
		5870069F1D861F43000C60AB /* Debug */ = {
			isa = XCBuildConfiguration;
			buildSettings = {
				ALWAYS_SEARCH_USER_PATHS = NO;
				CLANG_ANALYZER_NONNULL = YES;
				CLANG_CXX_LANGUAGE_STANDARD = "gnu++0x";
				CLANG_CXX_LIBRARY = "libc++";
				CLANG_ENABLE_MODULES = YES;
				CLANG_ENABLE_OBJC_ARC = YES;
				CLANG_WARN_BOOL_CONVERSION = YES;
				CLANG_WARN_CONSTANT_CONVERSION = YES;
				CLANG_WARN_DIRECT_OBJC_ISA_USAGE = YES_ERROR;
				CLANG_WARN_EMPTY_BODY = YES;
				CLANG_WARN_ENUM_CONVERSION = YES;
				CLANG_WARN_INT_CONVERSION = YES;
				CLANG_WARN_OBJC_ROOT_CLASS = YES_ERROR;
				CLANG_WARN_UNREACHABLE_CODE = YES;
				CLANG_WARN__DUPLICATE_METHOD_MATCH = YES;
				"CODE_SIGN_IDENTITY[sdk=iphoneos*]" = "iPhone Developer";
				COPY_PHASE_STRIP = NO;
				DEBUG_INFORMATION_FORMAT = dwarf;
				ENABLE_STRICT_OBJC_MSGSEND = YES;
				ENABLE_TESTABILITY = YES;
				GCC_C_LANGUAGE_STANDARD = gnu99;
				GCC_DYNAMIC_NO_PIC = NO;
				GCC_NO_COMMON_BLOCKS = YES;
				GCC_OPTIMIZATION_LEVEL = 0;
				GCC_PREPROCESSOR_DEFINITIONS = (
					"DEBUG=1",
					"$(inherited)",
				);
				GCC_WARN_64_TO_32_BIT_CONVERSION = YES;
				GCC_WARN_ABOUT_RETURN_TYPE = YES_ERROR;
				GCC_WARN_UNDECLARED_SELECTOR = YES;
				GCC_WARN_UNINITIALIZED_AUTOS = YES_AGGRESSIVE;
				GCC_WARN_UNUSED_FUNCTION = YES;
				GCC_WARN_UNUSED_VARIABLE = YES;
				IPHONEOS_DEPLOYMENT_TARGET = 9.3;
				MTL_ENABLE_DEBUG_INFO = YES;
				ONLY_ACTIVE_ARCH = YES;
				SDKROOT = iphoneos;
				SWIFT_OPTIMIZATION_LEVEL = "-Onone";
				TARGETED_DEVICE_FAMILY = "1,2";
			};
			name = Debug;
		};
		587006A01D861F43000C60AB /* Release */ = {
			isa = XCBuildConfiguration;
			buildSettings = {
				ALWAYS_SEARCH_USER_PATHS = NO;
				CLANG_ANALYZER_NONNULL = YES;
				CLANG_CXX_LANGUAGE_STANDARD = "gnu++0x";
				CLANG_CXX_LIBRARY = "libc++";
				CLANG_ENABLE_MODULES = YES;
				CLANG_ENABLE_OBJC_ARC = YES;
				CLANG_WARN_BOOL_CONVERSION = YES;
				CLANG_WARN_CONSTANT_CONVERSION = YES;
				CLANG_WARN_DIRECT_OBJC_ISA_USAGE = YES_ERROR;
				CLANG_WARN_EMPTY_BODY = YES;
				CLANG_WARN_ENUM_CONVERSION = YES;
				CLANG_WARN_INT_CONVERSION = YES;
				CLANG_WARN_OBJC_ROOT_CLASS = YES_ERROR;
				CLANG_WARN_UNREACHABLE_CODE = YES;
				CLANG_WARN__DUPLICATE_METHOD_MATCH = YES;
				"CODE_SIGN_IDENTITY[sdk=iphoneos*]" = "iPhone Developer";
				COPY_PHASE_STRIP = NO;
				DEBUG_INFORMATION_FORMAT = "dwarf-with-dsym";
				ENABLE_NS_ASSERTIONS = NO;
				ENABLE_STRICT_OBJC_MSGSEND = YES;
				GCC_C_LANGUAGE_STANDARD = gnu99;
				GCC_NO_COMMON_BLOCKS = YES;
				GCC_WARN_64_TO_32_BIT_CONVERSION = YES;
				GCC_WARN_ABOUT_RETURN_TYPE = YES_ERROR;
				GCC_WARN_UNDECLARED_SELECTOR = YES;
				GCC_WARN_UNINITIALIZED_AUTOS = YES_AGGRESSIVE;
				GCC_WARN_UNUSED_FUNCTION = YES;
				GCC_WARN_UNUSED_VARIABLE = YES;
				IPHONEOS_DEPLOYMENT_TARGET = 9.3;
				MTL_ENABLE_DEBUG_INFO = NO;
				SDKROOT = iphoneos;
				TARGETED_DEVICE_FAMILY = "1,2";
				VALIDATE_PRODUCT = YES;
			};
			name = Release;
		};
		587006A21D861F43000C60AB /* Debug */ = {
			isa = XCBuildConfiguration;
			buildSettings = {
				ASSETCATALOG_COMPILER_APPICON_NAME = AppIcon;
				INFOPLIST_FILE = pokedex/Info.plist;
				LD_RUNPATH_SEARCH_PATHS = "$(inherited) @executable_path/Frameworks";
				PRODUCT_BUNDLE_IDENTIFIER = com.rm.pokedex;
				PRODUCT_NAME = "$(TARGET_NAME)";
				SWIFT_VERSION = 3.0;
			};
			name = Debug;
		};
		587006A31D861F43000C60AB /* Release */ = {
			isa = XCBuildConfiguration;
			buildSettings = {
				ASSETCATALOG_COMPILER_APPICON_NAME = AppIcon;
				INFOPLIST_FILE = pokedex/Info.plist;
				LD_RUNPATH_SEARCH_PATHS = "$(inherited) @executable_path/Frameworks";
				PRODUCT_BUNDLE_IDENTIFIER = com.rm.pokedex;
				PRODUCT_NAME = "$(TARGET_NAME)";
				SWIFT_VERSION = 3.0;
			};
			name = Release;
		};
/* End XCBuildConfiguration section */

/* Begin XCConfigurationList section */
		587006871D861F43000C60AB /* Build configuration list for PBXProject "pokedex" */ = {
			isa = XCConfigurationList;
			buildConfigurations = (
				5870069F1D861F43000C60AB /* Debug */,
				587006A01D861F43000C60AB /* Release */,
			);
			defaultConfigurationIsVisible = 0;
			defaultConfigurationName = Release;
		};
		587006A11D861F43000C60AB /* Build configuration list for PBXNativeTarget "pokedex" */ = {
			isa = XCConfigurationList;
			buildConfigurations = (
				587006A21D861F43000C60AB /* Debug */,
				587006A31D861F43000C60AB /* Release */,
			);
			defaultConfigurationIsVisible = 0;
			defaultConfigurationName = Release;
		};
/* End XCConfigurationList section */

/* Begin XCVersionGroup section */
		587006961D861F43000C60AB /* pokedex.xcdatamodeld */ = {
			isa = XCVersionGroup;
			children = (
				587006971D861F43000C60AB /* pokedex.xcdatamodel */,
			);
			currentVersion = 587006971D861F43000C60AB /* pokedex.xcdatamodel */;
			path = pokedex.xcdatamodeld;
			sourceTree = "<group>";
			versionGroupType = wrapper.xcdatamodel;
		};
/* End XCVersionGroup section */
	};
	rootObject = 587006841D861F43000C60AB /* Project object */;
}
